// !$*UTF8*$!
{
	archiveVersion = 1;
	classes = {
	};
	objectVersion = 56;
	objects = {

/* Begin PBXBuildFile section */
		040A67C42BE358DA002CBF79 /* PageControl.swift in Sources */ = {isa = PBXBuildFile; fileRef = 040A67C32BE358DA002CBF79 /* PageControl.swift */; };
		040A67CE2BE35D84002CBF79 /* ContentView.swift in Sources */ = {isa = PBXBuildFile; fileRef = 040A67CD2BE35D84002CBF79 /* ContentView.swift */; };
		040A67D02BE35D86002CBF79 /* Assets.xcassets in Resources */ = {isa = PBXBuildFile; fileRef = 040A67CF2BE35D86002CBF79 /* Assets.xcassets */; };
		040A67D32BE35D86002CBF79 /* Preview Assets.xcassets in Resources */ = {isa = PBXBuildFile; fileRef = 040A67D22BE35D86002CBF79 /* Preview Assets.xcassets */; };
		040A67DD2BE35D86002CBF79 /* WatchLandmarks_Watch_AppTests.swift in Sources */ = {isa = PBXBuildFile; fileRef = 040A67DC2BE35D86002CBF79 /* WatchLandmarks_Watch_AppTests.swift */; };
		040A67E72BE35D86002CBF79 /* WatchLandmarks_Watch_AppUITests.swift in Sources */ = {isa = PBXBuildFile; fileRef = 040A67E62BE35D86002CBF79 /* WatchLandmarks_Watch_AppUITests.swift */; };
		040A67E92BE35D86002CBF79 /* WatchLandmarks_Watch_AppUITestsLaunchTests.swift in Sources */ = {isa = PBXBuildFile; fileRef = 040A67E82BE35D86002CBF79 /* WatchLandmarks_Watch_AppUITestsLaunchTests.swift */; };
		040A67EC2BE35D86002CBF79 /* WatchLandmarks Watch App.app in Embed Watch Content */ = {isa = PBXBuildFile; fileRef = 040A67C92BE35D84002CBF79 /* WatchLandmarks Watch App.app */; settings = {ATTRIBUTES = (RemoveHeadersOnCopy, ); }; };
		040A67F72BE35ED5002CBF79 /* _706012210031_SteffanyFlorenceSM_AFL3App.swift in Sources */ = {isa = PBXBuildFile; fileRef = 046B6F162BD0DC33000E9487 /* _706012210031_SteffanyFlorenceSM_AFL3App.swift */; };
		040A67F92BE3603B002CBF79 /* LandmarkDetail.swift in Sources */ = {isa = PBXBuildFile; fileRef = 040A67F82BE3603B002CBF79 /* LandmarkDetail.swift */; };
		040A67FA2BE360D8002CBF79 /* CircleImage.swift in Sources */ = {isa = PBXBuildFile; fileRef = 046B6F402BD0E2D3000E9487 /* CircleImage.swift */; };
		040A67FB2BE36129002CBF79 /* LandmarkList.swift in Sources */ = {isa = PBXBuildFile; fileRef = 04820FF82BD1FA9B00B95F1B /* LandmarkList.swift */; };
		040A67FC2BE3612B002CBF79 /* LandmarkRow.swift in Sources */ = {isa = PBXBuildFile; fileRef = 04820FF62BD1F91B00B95F1B /* LandmarkRow.swift */; };
		040A67FD2BE36138002CBF79 /* MapView.swift in Sources */ = {isa = PBXBuildFile; fileRef = 046B6F422BD0E381000E9487 /* MapView.swift */; };
		040A67FE2BE36142002CBF79 /* Profile.swift in Sources */ = {isa = PBXBuildFile; fileRef = 041F50022BDA1EB60060617E /* Profile.swift */; };
		040A67FF2BE36142002CBF79 /* ModelData.swift in Sources */ = {isa = PBXBuildFile; fileRef = 04820FEF2BD1F5A100B95F1B /* ModelData.swift */; };
		040A68002BE36142002CBF79 /* Hike.swift in Sources */ = {isa = PBXBuildFile; fileRef = 0482100E2BD2145000B95F1B /* Hike.swift */; };
		040A68012BE36142002CBF79 /* Landmark.swift in Sources */ = {isa = PBXBuildFile; fileRef = 046B6F462BD0E81C000E9487 /* Landmark.swift */; };
		040A68022BE36149002CBF79 /* Assets.xcassets in Resources */ = {isa = PBXBuildFile; fileRef = 046B6F1A2BD0DC35000E9487 /* Assets.xcassets */; };
		040A68032BE36149002CBF79 /* hikeData.json in Resources */ = {isa = PBXBuildFile; fileRef = 0482100C2BD2140300B95F1B /* hikeData.json */; };
		040A68042BE36149002CBF79 /* landmarkData.json in Resources */ = {isa = PBXBuildFile; fileRef = 04820FF52BD1F88E00B95F1B /* landmarkData.json */; };
		040A68062BE365E9002CBF79 /* NotificationView.swift in Sources */ = {isa = PBXBuildFile; fileRef = 040A68052BE365E9002CBF79 /* NotificationView.swift */; };
		040A68082BE366CD002CBF79 /* NotificationController.swift in Sources */ = {isa = PBXBuildFile; fileRef = 040A68072BE366CD002CBF79 /* NotificationController.swift */; };
		041F50032BDA1EB60060617E /* Profile.swift in Sources */ = {isa = PBXBuildFile; fileRef = 041F50022BDA1EB60060617E /* Profile.swift */; };
		041F50062BDA1FBA0060617E /* ProfileHost.swift in Sources */ = {isa = PBXBuildFile; fileRef = 041F50052BDA1FBA0060617E /* ProfileHost.swift */; };
		041F50082BDA200D0060617E /* ProfileSummary.swift in Sources */ = {isa = PBXBuildFile; fileRef = 041F50072BDA200D0060617E /* ProfileSummary.swift */; };
		041F500A2BDA21000060617E /* HikeBadge.swift in Sources */ = {isa = PBXBuildFile; fileRef = 041F50092BDA21000060617E /* HikeBadge.swift */; };
		041F500C2BDA262C0060617E /* ProfileEditor.swift in Sources */ = {isa = PBXBuildFile; fileRef = 041F500B2BDA262C0060617E /* ProfileEditor.swift */; };
		041F500F2BDA292D0060617E /* PageViewController.swift in Sources */ = {isa = PBXBuildFile; fileRef = 041F500E2BDA292D0060617E /* PageViewController.swift */; };
		041F50112BDA2B810060617E /* FeatureCard.swift in Sources */ = {isa = PBXBuildFile; fileRef = 041F50102BDA2B810060617E /* FeatureCard.swift */; };
		041F50132BDA2CD00060617E /* PageView.swift in Sources */ = {isa = PBXBuildFile; fileRef = 041F50122BDA2CD00060617E /* PageView.swift */; };
		046B6F172BD0DC33000E9487 /* _706012210031_SteffanyFlorenceSM_AFL3App.swift in Sources */ = {isa = PBXBuildFile; fileRef = 046B6F162BD0DC33000E9487 /* _706012210031_SteffanyFlorenceSM_AFL3App.swift */; };
		046B6F192BD0DC33000E9487 /* ContentView.swift in Sources */ = {isa = PBXBuildFile; fileRef = 046B6F182BD0DC33000E9487 /* ContentView.swift */; };
		046B6F1B2BD0DC35000E9487 /* Assets.xcassets in Resources */ = {isa = PBXBuildFile; fileRef = 046B6F1A2BD0DC35000E9487 /* Assets.xcassets */; };
		046B6F1E2BD0DC35000E9487 /* Preview Assets.xcassets in Resources */ = {isa = PBXBuildFile; fileRef = 046B6F1D2BD0DC35000E9487 /* Preview Assets.xcassets */; };
		046B6F282BD0DC35000E9487 /* _706012210031_SteffanyFlorenceSM_AFL3Tests.swift in Sources */ = {isa = PBXBuildFile; fileRef = 046B6F272BD0DC35000E9487 /* _706012210031_SteffanyFlorenceSM_AFL3Tests.swift */; };
		046B6F322BD0DC35000E9487 /* _706012210031_SteffanyFlorenceSM_AFL3UITests.swift in Sources */ = {isa = PBXBuildFile; fileRef = 046B6F312BD0DC35000E9487 /* _706012210031_SteffanyFlorenceSM_AFL3UITests.swift */; };
		046B6F342BD0DC35000E9487 /* _706012210031_SteffanyFlorenceSM_AFL3UITestsLaunchTests.swift in Sources */ = {isa = PBXBuildFile; fileRef = 046B6F332BD0DC35000E9487 /* _706012210031_SteffanyFlorenceSM_AFL3UITestsLaunchTests.swift */; };
		046B6F412BD0E2D3000E9487 /* CircleImage.swift in Sources */ = {isa = PBXBuildFile; fileRef = 046B6F402BD0E2D3000E9487 /* CircleImage.swift */; };
		046B6F432BD0E381000E9487 /* MapView.swift in Sources */ = {isa = PBXBuildFile; fileRef = 046B6F422BD0E381000E9487 /* MapView.swift */; };
		046B6F472BD0E81C000E9487 /* Landmark.swift in Sources */ = {isa = PBXBuildFile; fileRef = 046B6F462BD0E81C000E9487 /* Landmark.swift */; };
		04820FF02BD1F5A100B95F1B /* ModelData.swift in Sources */ = {isa = PBXBuildFile; fileRef = 04820FEF2BD1F5A100B95F1B /* ModelData.swift */; };
		04820FF72BD1F91B00B95F1B /* LandmarkRow.swift in Sources */ = {isa = PBXBuildFile; fileRef = 04820FF62BD1F91B00B95F1B /* LandmarkRow.swift */; };
		04820FF92BD1FA9B00B95F1B /* LandmarkList.swift in Sources */ = {isa = PBXBuildFile; fileRef = 04820FF82BD1FA9B00B95F1B /* LandmarkList.swift */; };
		04820FFB2BD1FB8100B95F1B /* LandmarkDetail.swift in Sources */ = {isa = PBXBuildFile; fileRef = 04820FFA2BD1FB8100B95F1B /* LandmarkDetail.swift */; };
		04820FFD2BD2059B00B95F1B /* FavoriteButton.swift in Sources */ = {isa = PBXBuildFile; fileRef = 04820FFC2BD2059B00B95F1B /* FavoriteButton.swift */; };
		048210012BD207E600B95F1B /* HexagonParameters.swift in Sources */ = {isa = PBXBuildFile; fileRef = 048210002BD207E600B95F1B /* HexagonParameters.swift */; };
		048210032BD2092C00B95F1B /* BadgeBackground.swift in Sources */ = {isa = PBXBuildFile; fileRef = 048210022BD2092C00B95F1B /* BadgeBackground.swift */; };
		048210052BD20D7900B95F1B /* BadgeSymbol.swift in Sources */ = {isa = PBXBuildFile; fileRef = 048210042BD20D7900B95F1B /* BadgeSymbol.swift */; };
		048210072BD20F7900B95F1B /* RotatedBadgeSymbol.swift in Sources */ = {isa = PBXBuildFile; fileRef = 048210062BD20F7900B95F1B /* RotatedBadgeSymbol.swift */; };
		048210092BD20FC800B95F1B /* Badge.swift in Sources */ = {isa = PBXBuildFile; fileRef = 048210082BD20FC800B95F1B /* Badge.swift */; };
		0482100D2BD2140300B95F1B /* hikeData.json in Resources */ = {isa = PBXBuildFile; fileRef = 0482100C2BD2140300B95F1B /* hikeData.json */; };
		0482100F2BD2145000B95F1B /* Hike.swift in Sources */ = {isa = PBXBuildFile; fileRef = 0482100E2BD2145000B95F1B /* Hike.swift */; };
		048210152BD2157A00B95F1B /* GraphCapsule.swift in Sources */ = {isa = PBXBuildFile; fileRef = 048210102BD2157A00B95F1B /* GraphCapsule.swift */; };
		048210162BD2157A00B95F1B /* HikeDetail.swift in Sources */ = {isa = PBXBuildFile; fileRef = 048210112BD2157A00B95F1B /* HikeDetail.swift */; };
		048210172BD2157A00B95F1B /* HikeGraph.swift in Sources */ = {isa = PBXBuildFile; fileRef = 048210122BD2157A00B95F1B /* HikeGraph.swift */; };
		048210182BD2157A00B95F1B /* HikeView.swift in Sources */ = {isa = PBXBuildFile; fileRef = 048210132BD2157A00B95F1B /* HikeView.swift */; };
		0482101B2BD219E600B95F1B /* CategoryHome.swift in Sources */ = {isa = PBXBuildFile; fileRef = 0482101A2BD219E600B95F1B /* CategoryHome.swift */; };
		0482101D2BD21C3A00B95F1B /* CategoryRow.swift in Sources */ = {isa = PBXBuildFile; fileRef = 0482101C2BD21C3A00B95F1B /* CategoryRow.swift */; };
		0482101F2BD21D4C00B95F1B /* CategoryItem.swift in Sources */ = {isa = PBXBuildFile; fileRef = 0482101E2BD21D4C00B95F1B /* CategoryItem.swift */; };
/* End PBXBuildFile section */

/* Begin PBXContainerItemProxy section */
		040A67D92BE35D86002CBF79 /* PBXContainerItemProxy */ = {
			isa = PBXContainerItemProxy;
			containerPortal = 046B6F0B2BD0DC33000E9487 /* Project object */;
			proxyType = 1;
			remoteGlobalIDString = 040A67C82BE35D84002CBF79;
			remoteInfo = "WatchLandmarks Watch App";
		};
		040A67E32BE35D86002CBF79 /* PBXContainerItemProxy */ = {
			isa = PBXContainerItemProxy;
			containerPortal = 046B6F0B2BD0DC33000E9487 /* Project object */;
			proxyType = 1;
			remoteGlobalIDString = 040A67C82BE35D84002CBF79;
			remoteInfo = "WatchLandmarks Watch App";
		};
		040A67EA2BE35D86002CBF79 /* PBXContainerItemProxy */ = {
			isa = PBXContainerItemProxy;
			containerPortal = 046B6F0B2BD0DC33000E9487 /* Project object */;
			proxyType = 1;
			remoteGlobalIDString = 040A67C82BE35D84002CBF79;
			remoteInfo = "WatchLandmarks Watch App";
		};
		046B6F242BD0DC35000E9487 /* PBXContainerItemProxy */ = {
			isa = PBXContainerItemProxy;
			containerPortal = 046B6F0B2BD0DC33000E9487 /* Project object */;
			proxyType = 1;
			remoteGlobalIDString = 046B6F122BD0DC33000E9487;
			remoteInfo = "0706012210031-SteffanyFlorenceSM-AFL3";
		};
		046B6F2E2BD0DC35000E9487 /* PBXContainerItemProxy */ = {
			isa = PBXContainerItemProxy;
			containerPortal = 046B6F0B2BD0DC33000E9487 /* Project object */;
			proxyType = 1;
			remoteGlobalIDString = 046B6F122BD0DC33000E9487;
			remoteInfo = "0706012210031-SteffanyFlorenceSM-AFL3";
		};
/* End PBXContainerItemProxy section */

/* Begin PBXCopyFilesBuildPhase section */
		040A67F02BE35D86002CBF79 /* Embed Watch Content */ = {
			isa = PBXCopyFilesBuildPhase;
			buildActionMask = 2147483647;
			dstPath = "$(CONTENTS_FOLDER_PATH)/Watch";
			dstSubfolderSpec = 16;
			files = (
				040A67EC2BE35D86002CBF79 /* WatchLandmarks Watch App.app in Embed Watch Content */,
			);
			name = "Embed Watch Content";
			runOnlyForDeploymentPostprocessing = 0;
		};
/* End PBXCopyFilesBuildPhase section */

/* Begin PBXFileReference section */
		040A67C32BE358DA002CBF79 /* PageControl.swift */ = {isa = PBXFileReference; lastKnownFileType = sourcecode.swift; path = PageControl.swift; sourceTree = "<group>"; };
		040A67C92BE35D84002CBF79 /* WatchLandmarks Watch App.app */ = {isa = PBXFileReference; explicitFileType = wrapper.application; includeInIndex = 0; path = "WatchLandmarks Watch App.app"; sourceTree = BUILT_PRODUCTS_DIR; };
		040A67CD2BE35D84002CBF79 /* ContentView.swift */ = {isa = PBXFileReference; lastKnownFileType = sourcecode.swift; path = ContentView.swift; sourceTree = "<group>"; };
		040A67CF2BE35D86002CBF79 /* Assets.xcassets */ = {isa = PBXFileReference; lastKnownFileType = folder.assetcatalog; path = Assets.xcassets; sourceTree = "<group>"; };
		040A67D22BE35D86002CBF79 /* Preview Assets.xcassets */ = {isa = PBXFileReference; lastKnownFileType = folder.assetcatalog; path = "Preview Assets.xcassets"; sourceTree = "<group>"; };
		040A67D82BE35D86002CBF79 /* WatchLandmarks Watch AppTests.xctest */ = {isa = PBXFileReference; explicitFileType = wrapper.cfbundle; includeInIndex = 0; path = "WatchLandmarks Watch AppTests.xctest"; sourceTree = BUILT_PRODUCTS_DIR; };
		040A67DC2BE35D86002CBF79 /* WatchLandmarks_Watch_AppTests.swift */ = {isa = PBXFileReference; lastKnownFileType = sourcecode.swift; path = WatchLandmarks_Watch_AppTests.swift; sourceTree = "<group>"; };
		040A67E22BE35D86002CBF79 /* WatchLandmarks Watch AppUITests.xctest */ = {isa = PBXFileReference; explicitFileType = wrapper.cfbundle; includeInIndex = 0; path = "WatchLandmarks Watch AppUITests.xctest"; sourceTree = BUILT_PRODUCTS_DIR; };
		040A67E62BE35D86002CBF79 /* WatchLandmarks_Watch_AppUITests.swift */ = {isa = PBXFileReference; lastKnownFileType = sourcecode.swift; path = WatchLandmarks_Watch_AppUITests.swift; sourceTree = "<group>"; };
		040A67E82BE35D86002CBF79 /* WatchLandmarks_Watch_AppUITestsLaunchTests.swift */ = {isa = PBXFileReference; lastKnownFileType = sourcecode.swift; path = WatchLandmarks_Watch_AppUITestsLaunchTests.swift; sourceTree = "<group>"; };
		040A67F82BE3603B002CBF79 /* LandmarkDetail.swift */ = {isa = PBXFileReference; lastKnownFileType = sourcecode.swift; path = LandmarkDetail.swift; sourceTree = "<group>"; };
		040A68052BE365E9002CBF79 /* NotificationView.swift */ = {isa = PBXFileReference; lastKnownFileType = sourcecode.swift; path = NotificationView.swift; sourceTree = "<group>"; };
		040A68072BE366CD002CBF79 /* NotificationController.swift */ = {isa = PBXFileReference; lastKnownFileType = sourcecode.swift; path = NotificationController.swift; sourceTree = "<group>"; };
		041F50022BDA1EB60060617E /* Profile.swift */ = {isa = PBXFileReference; lastKnownFileType = sourcecode.swift; path = Profile.swift; sourceTree = "<group>"; };
		041F50052BDA1FBA0060617E /* ProfileHost.swift */ = {isa = PBXFileReference; lastKnownFileType = sourcecode.swift; path = ProfileHost.swift; sourceTree = "<group>"; };
		041F50072BDA200D0060617E /* ProfileSummary.swift */ = {isa = PBXFileReference; lastKnownFileType = sourcecode.swift; path = ProfileSummary.swift; sourceTree = "<group>"; };
		041F50092BDA21000060617E /* HikeBadge.swift */ = {isa = PBXFileReference; lastKnownFileType = sourcecode.swift; path = HikeBadge.swift; sourceTree = "<group>"; };
		041F500B2BDA262C0060617E /* ProfileEditor.swift */ = {isa = PBXFileReference; lastKnownFileType = sourcecode.swift; path = ProfileEditor.swift; sourceTree = "<group>"; };
		041F500E2BDA292D0060617E /* PageViewController.swift */ = {isa = PBXFileReference; lastKnownFileType = sourcecode.swift; path = PageViewController.swift; sourceTree = "<group>"; };
		041F50102BDA2B810060617E /* FeatureCard.swift */ = {isa = PBXFileReference; lastKnownFileType = sourcecode.swift; path = FeatureCard.swift; sourceTree = "<group>"; };
		041F50122BDA2CD00060617E /* PageView.swift */ = {isa = PBXFileReference; lastKnownFileType = sourcecode.swift; path = PageView.swift; sourceTree = "<group>"; };
		046B6F132BD0DC33000E9487 /* 0706012210031-SteffanyFlorenceSM-AFL3.app */ = {isa = PBXFileReference; explicitFileType = wrapper.application; includeInIndex = 0; path = "0706012210031-SteffanyFlorenceSM-AFL3.app"; sourceTree = BUILT_PRODUCTS_DIR; };
		046B6F162BD0DC33000E9487 /* _706012210031_SteffanyFlorenceSM_AFL3App.swift */ = {isa = PBXFileReference; lastKnownFileType = sourcecode.swift; path = _706012210031_SteffanyFlorenceSM_AFL3App.swift; sourceTree = "<group>"; };
		046B6F182BD0DC33000E9487 /* ContentView.swift */ = {isa = PBXFileReference; lastKnownFileType = sourcecode.swift; path = ContentView.swift; sourceTree = "<group>"; };
		046B6F1A2BD0DC35000E9487 /* Assets.xcassets */ = {isa = PBXFileReference; lastKnownFileType = folder.assetcatalog; path = Assets.xcassets; sourceTree = "<group>"; };
		046B6F1D2BD0DC35000E9487 /* Preview Assets.xcassets */ = {isa = PBXFileReference; lastKnownFileType = folder.assetcatalog; path = "Preview Assets.xcassets"; sourceTree = "<group>"; };
		046B6F232BD0DC35000E9487 /* 0706012210031-SteffanyFlorenceSM-AFL3Tests.xctest */ = {isa = PBXFileReference; explicitFileType = wrapper.cfbundle; includeInIndex = 0; path = "0706012210031-SteffanyFlorenceSM-AFL3Tests.xctest"; sourceTree = BUILT_PRODUCTS_DIR; };
		046B6F272BD0DC35000E9487 /* _706012210031_SteffanyFlorenceSM_AFL3Tests.swift */ = {isa = PBXFileReference; lastKnownFileType = sourcecode.swift; path = _706012210031_SteffanyFlorenceSM_AFL3Tests.swift; sourceTree = "<group>"; };
		046B6F2D2BD0DC35000E9487 /* 0706012210031-SteffanyFlorenceSM-AFL3UITests.xctest */ = {isa = PBXFileReference; explicitFileType = wrapper.cfbundle; includeInIndex = 0; path = "0706012210031-SteffanyFlorenceSM-AFL3UITests.xctest"; sourceTree = BUILT_PRODUCTS_DIR; };
		046B6F312BD0DC35000E9487 /* _706012210031_SteffanyFlorenceSM_AFL3UITests.swift */ = {isa = PBXFileReference; lastKnownFileType = sourcecode.swift; path = _706012210031_SteffanyFlorenceSM_AFL3UITests.swift; sourceTree = "<group>"; };
		046B6F332BD0DC35000E9487 /* _706012210031_SteffanyFlorenceSM_AFL3UITestsLaunchTests.swift */ = {isa = PBXFileReference; lastKnownFileType = sourcecode.swift; path = _706012210031_SteffanyFlorenceSM_AFL3UITestsLaunchTests.swift; sourceTree = "<group>"; };
		046B6F402BD0E2D3000E9487 /* CircleImage.swift */ = {isa = PBXFileReference; lastKnownFileType = sourcecode.swift; path = CircleImage.swift; sourceTree = "<group>"; };
		046B6F422BD0E381000E9487 /* MapView.swift */ = {isa = PBXFileReference; lastKnownFileType = sourcecode.swift; path = MapView.swift; sourceTree = "<group>"; };
		046B6F462BD0E81C000E9487 /* Landmark.swift */ = {isa = PBXFileReference; lastKnownFileType = sourcecode.swift; path = Landmark.swift; sourceTree = "<group>"; };
		04820FEF2BD1F5A100B95F1B /* ModelData.swift */ = {isa = PBXFileReference; lastKnownFileType = sourcecode.swift; path = ModelData.swift; sourceTree = "<group>"; };
		04820FF52BD1F88E00B95F1B /* landmarkData.json */ = {isa = PBXFileReference; lastKnownFileType = text.json; name = landmarkData.json; path = ../../../../../../Downloads/BuildingListsAndNavigation/Resources/landmarkData.json; sourceTree = "<group>"; };
		04820FF62BD1F91B00B95F1B /* LandmarkRow.swift */ = {isa = PBXFileReference; lastKnownFileType = sourcecode.swift; path = LandmarkRow.swift; sourceTree = "<group>"; };
		04820FF82BD1FA9B00B95F1B /* LandmarkList.swift */ = {isa = PBXFileReference; lastKnownFileType = sourcecode.swift; path = LandmarkList.swift; sourceTree = "<group>"; };
		04820FFA2BD1FB8100B95F1B /* LandmarkDetail.swift */ = {isa = PBXFileReference; lastKnownFileType = sourcecode.swift; path = LandmarkDetail.swift; sourceTree = "<group>"; };
		04820FFC2BD2059B00B95F1B /* FavoriteButton.swift */ = {isa = PBXFileReference; lastKnownFileType = sourcecode.swift; path = FavoriteButton.swift; sourceTree = "<group>"; };
		048210002BD207E600B95F1B /* HexagonParameters.swift */ = {isa = PBXFileReference; lastKnownFileType = sourcecode.swift; path = HexagonParameters.swift; sourceTree = "<group>"; };
		048210022BD2092C00B95F1B /* BadgeBackground.swift */ = {isa = PBXFileReference; lastKnownFileType = sourcecode.swift; path = BadgeBackground.swift; sourceTree = "<group>"; };
		048210042BD20D7900B95F1B /* BadgeSymbol.swift */ = {isa = PBXFileReference; lastKnownFileType = sourcecode.swift; path = BadgeSymbol.swift; sourceTree = "<group>"; };
		048210062BD20F7900B95F1B /* RotatedBadgeSymbol.swift */ = {isa = PBXFileReference; lastKnownFileType = sourcecode.swift; path = RotatedBadgeSymbol.swift; sourceTree = "<group>"; };
		048210082BD20FC800B95F1B /* Badge.swift */ = {isa = PBXFileReference; lastKnownFileType = sourcecode.swift; path = Badge.swift; sourceTree = "<group>"; };
		0482100C2BD2140300B95F1B /* hikeData.json */ = {isa = PBXFileReference; fileEncoding = 4; lastKnownFileType = text.json; name = hikeData.json; path = ../../../../../../Downloads/AnimatingViewsAndTransitions/Resources/hikeData.json; sourceTree = "<group>"; };
		0482100E2BD2145000B95F1B /* Hike.swift */ = {isa = PBXFileReference; lastKnownFileType = sourcecode.swift; path = Hike.swift; sourceTree = "<group>"; };
		048210102BD2157A00B95F1B /* GraphCapsule.swift */ = {isa = PBXFileReference; fileEncoding = 4; lastKnownFileType = sourcecode.swift; path = GraphCapsule.swift; sourceTree = "<group>"; };
		048210112BD2157A00B95F1B /* HikeDetail.swift */ = {isa = PBXFileReference; fileEncoding = 4; lastKnownFileType = sourcecode.swift; path = HikeDetail.swift; sourceTree = "<group>"; };
		048210122BD2157A00B95F1B /* HikeGraph.swift */ = {isa = PBXFileReference; fileEncoding = 4; lastKnownFileType = sourcecode.swift; path = HikeGraph.swift; sourceTree = "<group>"; };
		048210132BD2157A00B95F1B /* HikeView.swift */ = {isa = PBXFileReference; fileEncoding = 4; lastKnownFileType = sourcecode.swift; path = HikeView.swift; sourceTree = "<group>"; };
		0482101A2BD219E600B95F1B /* CategoryHome.swift */ = {isa = PBXFileReference; lastKnownFileType = sourcecode.swift; path = CategoryHome.swift; sourceTree = "<group>"; };
		0482101C2BD21C3A00B95F1B /* CategoryRow.swift */ = {isa = PBXFileReference; lastKnownFileType = sourcecode.swift; path = CategoryRow.swift; sourceTree = "<group>"; };
		0482101E2BD21D4C00B95F1B /* CategoryItem.swift */ = {isa = PBXFileReference; lastKnownFileType = sourcecode.swift; path = CategoryItem.swift; sourceTree = "<group>"; };
/* End PBXFileReference section */

/* Begin PBXFrameworksBuildPhase section */
		040A67C62BE35D84002CBF79 /* Frameworks */ = {
			isa = PBXFrameworksBuildPhase;
			buildActionMask = 2147483647;
			files = (
			);
			runOnlyForDeploymentPostprocessing = 0;
		};
		040A67D52BE35D86002CBF79 /* Frameworks */ = {
			isa = PBXFrameworksBuildPhase;
			buildActionMask = 2147483647;
			files = (
			);
			runOnlyForDeploymentPostprocessing = 0;
		};
		040A67DF2BE35D86002CBF79 /* Frameworks */ = {
			isa = PBXFrameworksBuildPhase;
			buildActionMask = 2147483647;
			files = (
			);
			runOnlyForDeploymentPostprocessing = 0;
		};
		046B6F102BD0DC33000E9487 /* Frameworks */ = {
			isa = PBXFrameworksBuildPhase;
			buildActionMask = 2147483647;
			files = (
			);
			runOnlyForDeploymentPostprocessing = 0;
		};
		046B6F202BD0DC35000E9487 /* Frameworks */ = {
			isa = PBXFrameworksBuildPhase;
			buildActionMask = 2147483647;
			files = (
			);
			runOnlyForDeploymentPostprocessing = 0;
		};
		046B6F2A2BD0DC35000E9487 /* Frameworks */ = {
			isa = PBXFrameworksBuildPhase;
			buildActionMask = 2147483647;
			files = (
			);
			runOnlyForDeploymentPostprocessing = 0;
		};
/* End PBXFrameworksBuildPhase section */

/* Begin PBXGroup section */
		040A67CA2BE35D84002CBF79 /* WatchLandmarks Watch App */ = {
			isa = PBXGroup;
			children = (
				040A67CD2BE35D84002CBF79 /* ContentView.swift */,
				040A67CF2BE35D86002CBF79 /* Assets.xcassets */,
				040A67D12BE35D86002CBF79 /* Preview Content */,
				040A67F82BE3603B002CBF79 /* LandmarkDetail.swift */,
				040A68052BE365E9002CBF79 /* NotificationView.swift */,
				040A68072BE366CD002CBF79 /* NotificationController.swift */,
			);
			path = "WatchLandmarks Watch App";
			sourceTree = "<group>";
		};
		040A67D12BE35D86002CBF79 /* Preview Content */ = {
			isa = PBXGroup;
			children = (
				040A67D22BE35D86002CBF79 /* Preview Assets.xcassets */,
			);
			path = "Preview Content";
			sourceTree = "<group>";
		};
		040A67DB2BE35D86002CBF79 /* WatchLandmarks Watch AppTests */ = {
			isa = PBXGroup;
			children = (
				040A67DC2BE35D86002CBF79 /* WatchLandmarks_Watch_AppTests.swift */,
			);
			path = "WatchLandmarks Watch AppTests";
			sourceTree = "<group>";
		};
		040A67E52BE35D86002CBF79 /* WatchLandmarks Watch AppUITests */ = {
			isa = PBXGroup;
			children = (
				040A67E62BE35D86002CBF79 /* WatchLandmarks_Watch_AppUITests.swift */,
				040A67E82BE35D86002CBF79 /* WatchLandmarks_Watch_AppUITestsLaunchTests.swift */,
			);
			path = "WatchLandmarks Watch AppUITests";
			sourceTree = "<group>";
		};
		041F50042BDA1F9A0060617E /* Profiles */ = {
			isa = PBXGroup;
			children = (
				041F50052BDA1FBA0060617E /* ProfileHost.swift */,
				041F50072BDA200D0060617E /* ProfileSummary.swift */,
				041F500B2BDA262C0060617E /* ProfileEditor.swift */,
			);
			path = Profiles;
			sourceTree = "<group>";
		};
		041F500D2BDA290E0060617E /* PageView */ = {
			isa = PBXGroup;
			children = (
				041F500E2BDA292D0060617E /* PageViewController.swift */,
				040A67C32BE358DA002CBF79 /* PageControl.swift */,
			);
			path = PageView;
			sourceTree = "<group>";
		};
		046B6F0A2BD0DC33000E9487 = {
			isa = PBXGroup;
			children = (
				046B6F152BD0DC33000E9487 /* 0706012210031-SteffanyFlorenceSM-AFL3 */,
				046B6F262BD0DC35000E9487 /* 0706012210031-SteffanyFlorenceSM-AFL3Tests */,
				046B6F302BD0DC35000E9487 /* 0706012210031-SteffanyFlorenceSM-AFL3UITests */,
				040A67CA2BE35D84002CBF79 /* WatchLandmarks Watch App */,
				040A67DB2BE35D86002CBF79 /* WatchLandmarks Watch AppTests */,
				040A67E52BE35D86002CBF79 /* WatchLandmarks Watch AppUITests */,
				046B6F142BD0DC33000E9487 /* Products */,
			);
			sourceTree = "<group>";
		};
		046B6F142BD0DC33000E9487 /* Products */ = {
			isa = PBXGroup;
			children = (
				046B6F132BD0DC33000E9487 /* 0706012210031-SteffanyFlorenceSM-AFL3.app */,
				046B6F232BD0DC35000E9487 /* 0706012210031-SteffanyFlorenceSM-AFL3Tests.xctest */,
				046B6F2D2BD0DC35000E9487 /* 0706012210031-SteffanyFlorenceSM-AFL3UITests.xctest */,
				040A67C92BE35D84002CBF79 /* WatchLandmarks Watch App.app */,
				040A67D82BE35D86002CBF79 /* WatchLandmarks Watch AppTests.xctest */,
				040A67E22BE35D86002CBF79 /* WatchLandmarks Watch AppUITests.xctest */,
			);
			name = Products;
			sourceTree = "<group>";
		};
		046B6F152BD0DC33000E9487 /* 0706012210031-SteffanyFlorenceSM-AFL3 */ = {
			isa = PBXGroup;
			children = (
				046B6F162BD0DC33000E9487 /* _706012210031_SteffanyFlorenceSM_AFL3App.swift */,
				0482100A2BD212D900B95F1B /* Badges */,
				04820FFF2BD2066400B95F1B /* Helper */,
				04820FFE2BD2063D00B95F1B /* Landmarks */,
				04820FF32BD1F87800B95F1B /* Resources */,
				04820FF22BD1F85A00B95F1B /* Model */,
				04820FF12BD1F83E00B95F1B /* Views */,
				046B6F1A2BD0DC35000E9487 /* Assets.xcassets */,
				046B6F1C2BD0DC35000E9487 /* Preview Content */,
			);
			path = "0706012210031-SteffanyFlorenceSM-AFL3";
			sourceTree = "<group>";
		};
		046B6F1C2BD0DC35000E9487 /* Preview Content */ = {
			isa = PBXGroup;
			children = (
				046B6F1D2BD0DC35000E9487 /* Preview Assets.xcassets */,
			);
			path = "Preview Content";
			sourceTree = "<group>";
		};
		046B6F262BD0DC35000E9487 /* 0706012210031-SteffanyFlorenceSM-AFL3Tests */ = {
			isa = PBXGroup;
			children = (
				046B6F272BD0DC35000E9487 /* _706012210031_SteffanyFlorenceSM_AFL3Tests.swift */,
			);
			path = "0706012210031-SteffanyFlorenceSM-AFL3Tests";
			sourceTree = "<group>";
		};
		046B6F302BD0DC35000E9487 /* 0706012210031-SteffanyFlorenceSM-AFL3UITests */ = {
			isa = PBXGroup;
			children = (
				046B6F312BD0DC35000E9487 /* _706012210031_SteffanyFlorenceSM_AFL3UITests.swift */,
				046B6F332BD0DC35000E9487 /* _706012210031_SteffanyFlorenceSM_AFL3UITestsLaunchTests.swift */,
			);
			path = "0706012210031-SteffanyFlorenceSM-AFL3UITests";
			sourceTree = "<group>";
		};
		04820FF12BD1F83E00B95F1B /* Views */ = {
			isa = PBXGroup;
			children = (
				041F50102BDA2B810060617E /* FeatureCard.swift */,
				041F50122BDA2CD00060617E /* PageView.swift */,
				041F500D2BDA290E0060617E /* PageView */,
				041F50042BDA1F9A0060617E /* Profiles */,
				048210192BD219C400B95F1B /* Categories */,
				048210142BD2157A00B95F1B /* Hikes */,
				046B6F182BD0DC33000E9487 /* ContentView.swift */,
			);
			path = Views;
			sourceTree = "<group>";
		};
		04820FF22BD1F85A00B95F1B /* Model */ = {
			isa = PBXGroup;
			children = (
				046B6F462BD0E81C000E9487 /* Landmark.swift */,
				04820FEF2BD1F5A100B95F1B /* ModelData.swift */,
				0482100E2BD2145000B95F1B /* Hike.swift */,
				041F50022BDA1EB60060617E /* Profile.swift */,
			);
			path = Model;
			sourceTree = "<group>";
		};
		04820FF32BD1F87800B95F1B /* Resources */ = {
			isa = PBXGroup;
			children = (
				0482100C2BD2140300B95F1B /* hikeData.json */,
				04820FF52BD1F88E00B95F1B /* landmarkData.json */,
			);
			path = Resources;
			sourceTree = "<group>";
		};
		04820FFE2BD2063D00B95F1B /* Landmarks */ = {
			isa = PBXGroup;
			children = (
				04820FF62BD1F91B00B95F1B /* LandmarkRow.swift */,
				04820FF82BD1FA9B00B95F1B /* LandmarkList.swift */,
				04820FFA2BD1FB8100B95F1B /* LandmarkDetail.swift */,
			);
			path = Landmarks;
			sourceTree = "<group>";
		};
		04820FFF2BD2066400B95F1B /* Helper */ = {
			isa = PBXGroup;
			children = (
				046B6F402BD0E2D3000E9487 /* CircleImage.swift */,
				046B6F422BD0E381000E9487 /* MapView.swift */,
				04820FFC2BD2059B00B95F1B /* FavoriteButton.swift */,
			);
			path = Helper;
			sourceTree = "<group>";
		};
		0482100A2BD212D900B95F1B /* Badges */ = {
			isa = PBXGroup;
			children = (
				048210002BD207E600B95F1B /* HexagonParameters.swift */,
				048210022BD2092C00B95F1B /* BadgeBackground.swift */,
				048210042BD20D7900B95F1B /* BadgeSymbol.swift */,
				048210062BD20F7900B95F1B /* RotatedBadgeSymbol.swift */,
				048210082BD20FC800B95F1B /* Badge.swift */,
			);
			path = Badges;
			sourceTree = "<group>";
		};
		048210142BD2157A00B95F1B /* Hikes */ = {
			isa = PBXGroup;
			children = (
				048210102BD2157A00B95F1B /* GraphCapsule.swift */,
				048210112BD2157A00B95F1B /* HikeDetail.swift */,
				048210122BD2157A00B95F1B /* HikeGraph.swift */,
				048210132BD2157A00B95F1B /* HikeView.swift */,
				041F50092BDA21000060617E /* HikeBadge.swift */,
			);
			name = Hikes;
			path = ../../../../../../Downloads/AnimatingViewsAndTransitions/Resources/Hikes;
			sourceTree = "<group>";
		};
		048210192BD219C400B95F1B /* Categories */ = {
			isa = PBXGroup;
			children = (
				0482101A2BD219E600B95F1B /* CategoryHome.swift */,
				0482101C2BD21C3A00B95F1B /* CategoryRow.swift */,
				0482101E2BD21D4C00B95F1B /* CategoryItem.swift */,
			);
			path = Categories;
			sourceTree = "<group>";
		};
/* End PBXGroup section */

/* Begin PBXNativeTarget section */
		040A67C82BE35D84002CBF79 /* WatchLandmarks Watch App */ = {
			isa = PBXNativeTarget;
			buildConfigurationList = 040A67ED2BE35D86002CBF79 /* Build configuration list for PBXNativeTarget "WatchLandmarks Watch App" */;
			buildPhases = (
				040A67C52BE35D84002CBF79 /* Sources */,
				040A67C62BE35D84002CBF79 /* Frameworks */,
				040A67C72BE35D84002CBF79 /* Resources */,
			);
			buildRules = (
			);
			dependencies = (
			);
			name = "WatchLandmarks Watch App";
			productName = "WatchLandmarks Watch App";
			productReference = 040A67C92BE35D84002CBF79 /* WatchLandmarks Watch App.app */;
			productType = "com.apple.product-type.application";
		};
		040A67D72BE35D86002CBF79 /* WatchLandmarks Watch AppTests */ = {
			isa = PBXNativeTarget;
			buildConfigurationList = 040A67F12BE35D86002CBF79 /* Build configuration list for PBXNativeTarget "WatchLandmarks Watch AppTests" */;
			buildPhases = (
				040A67D42BE35D86002CBF79 /* Sources */,
				040A67D52BE35D86002CBF79 /* Frameworks */,
				040A67D62BE35D86002CBF79 /* Resources */,
			);
			buildRules = (
			);
			dependencies = (
				040A67DA2BE35D86002CBF79 /* PBXTargetDependency */,
			);
			name = "WatchLandmarks Watch AppTests";
			productName = "WatchLandmarks Watch AppTests";
			productReference = 040A67D82BE35D86002CBF79 /* WatchLandmarks Watch AppTests.xctest */;
			productType = "com.apple.product-type.bundle.unit-test";
		};
		040A67E12BE35D86002CBF79 /* WatchLandmarks Watch AppUITests */ = {
			isa = PBXNativeTarget;
			buildConfigurationList = 040A67F42BE35D86002CBF79 /* Build configuration list for PBXNativeTarget "WatchLandmarks Watch AppUITests" */;
			buildPhases = (
				040A67DE2BE35D86002CBF79 /* Sources */,
				040A67DF2BE35D86002CBF79 /* Frameworks */,
				040A67E02BE35D86002CBF79 /* Resources */,
			);
			buildRules = (
			);
			dependencies = (
				040A67E42BE35D86002CBF79 /* PBXTargetDependency */,
			);
			name = "WatchLandmarks Watch AppUITests";
			productName = "WatchLandmarks Watch AppUITests";
			productReference = 040A67E22BE35D86002CBF79 /* WatchLandmarks Watch AppUITests.xctest */;
			productType = "com.apple.product-type.bundle.ui-testing";
		};
		046B6F122BD0DC33000E9487 /* 0706012210031-SteffanyFlorenceSM-AFL3 */ = {
			isa = PBXNativeTarget;
			buildConfigurationList = 046B6F372BD0DC35000E9487 /* Build configuration list for PBXNativeTarget "0706012210031-SteffanyFlorenceSM-AFL3" */;
			buildPhases = (
				046B6F0F2BD0DC33000E9487 /* Sources */,
				046B6F102BD0DC33000E9487 /* Frameworks */,
				046B6F112BD0DC33000E9487 /* Resources */,
				040A67F02BE35D86002CBF79 /* Embed Watch Content */,
			);
			buildRules = (
			);
			dependencies = (
				040A67EB2BE35D86002CBF79 /* PBXTargetDependency */,
			);
			name = "0706012210031-SteffanyFlorenceSM-AFL3";
			productName = "0706012210031-SteffanyFlorenceSM-AFL3";
			productReference = 046B6F132BD0DC33000E9487 /* 0706012210031-SteffanyFlorenceSM-AFL3.app */;
			productType = "com.apple.product-type.application";
		};
		046B6F222BD0DC35000E9487 /* 0706012210031-SteffanyFlorenceSM-AFL3Tests */ = {
			isa = PBXNativeTarget;
			buildConfigurationList = 046B6F3A2BD0DC35000E9487 /* Build configuration list for PBXNativeTarget "0706012210031-SteffanyFlorenceSM-AFL3Tests" */;
			buildPhases = (
				046B6F1F2BD0DC35000E9487 /* Sources */,
				046B6F202BD0DC35000E9487 /* Frameworks */,
				046B6F212BD0DC35000E9487 /* Resources */,
			);
			buildRules = (
			);
			dependencies = (
				046B6F252BD0DC35000E9487 /* PBXTargetDependency */,
			);
			name = "0706012210031-SteffanyFlorenceSM-AFL3Tests";
			productName = "0706012210031-SteffanyFlorenceSM-AFL3Tests";
			productReference = 046B6F232BD0DC35000E9487 /* 0706012210031-SteffanyFlorenceSM-AFL3Tests.xctest */;
			productType = "com.apple.product-type.bundle.unit-test";
		};
		046B6F2C2BD0DC35000E9487 /* 0706012210031-SteffanyFlorenceSM-AFL3UITests */ = {
			isa = PBXNativeTarget;
			buildConfigurationList = 046B6F3D2BD0DC35000E9487 /* Build configuration list for PBXNativeTarget "0706012210031-SteffanyFlorenceSM-AFL3UITests" */;
			buildPhases = (
				046B6F292BD0DC35000E9487 /* Sources */,
				046B6F2A2BD0DC35000E9487 /* Frameworks */,
				046B6F2B2BD0DC35000E9487 /* Resources */,
			);
			buildRules = (
			);
			dependencies = (
				046B6F2F2BD0DC35000E9487 /* PBXTargetDependency */,
			);
			name = "0706012210031-SteffanyFlorenceSM-AFL3UITests";
			productName = "0706012210031-SteffanyFlorenceSM-AFL3UITests";
			productReference = 046B6F2D2BD0DC35000E9487 /* 0706012210031-SteffanyFlorenceSM-AFL3UITests.xctest */;
			productType = "com.apple.product-type.bundle.ui-testing";
		};
/* End PBXNativeTarget section */

/* Begin PBXProject section */
		046B6F0B2BD0DC33000E9487 /* Project object */ = {
			isa = PBXProject;
			attributes = {
				BuildIndependentTargetsInParallel = 1;
				LastSwiftUpdateCheck = 1530;
				LastUpgradeCheck = 1530;
				TargetAttributes = {
					040A67C82BE35D84002CBF79 = {
						CreatedOnToolsVersion = 15.3;
					};
					040A67D72BE35D86002CBF79 = {
						CreatedOnToolsVersion = 15.3;
						TestTargetID = 040A67C82BE35D84002CBF79;
					};
					040A67E12BE35D86002CBF79 = {
						CreatedOnToolsVersion = 15.3;
						TestTargetID = 040A67C82BE35D84002CBF79;
					};
					046B6F122BD0DC33000E9487 = {
						CreatedOnToolsVersion = 15.3;
					};
					046B6F222BD0DC35000E9487 = {
						CreatedOnToolsVersion = 15.3;
						TestTargetID = 046B6F122BD0DC33000E9487;
					};
					046B6F2C2BD0DC35000E9487 = {
						CreatedOnToolsVersion = 15.3;
						TestTargetID = 046B6F122BD0DC33000E9487;
					};
				};
			};
			buildConfigurationList = 046B6F0E2BD0DC33000E9487 /* Build configuration list for PBXProject "0706012210031-SteffanyFlorenceSM-AFL3" */;
			compatibilityVersion = "Xcode 14.0";
			developmentRegion = en;
			hasScannedForEncodings = 0;
			knownRegions = (
				en,
				Base,
			);
			mainGroup = 046B6F0A2BD0DC33000E9487;
			productRefGroup = 046B6F142BD0DC33000E9487 /* Products */;
			projectDirPath = "";
			projectRoot = "";
			targets = (
				046B6F122BD0DC33000E9487 /* 0706012210031-SteffanyFlorenceSM-AFL3 */,
				046B6F222BD0DC35000E9487 /* 0706012210031-SteffanyFlorenceSM-AFL3Tests */,
				046B6F2C2BD0DC35000E9487 /* 0706012210031-SteffanyFlorenceSM-AFL3UITests */,
				040A67C82BE35D84002CBF79 /* WatchLandmarks Watch App */,
				040A67D72BE35D86002CBF79 /* WatchLandmarks Watch AppTests */,
				040A67E12BE35D86002CBF79 /* WatchLandmarks Watch AppUITests */,
			);
		};
/* End PBXProject section */

/* Begin PBXResourcesBuildPhase section */
		040A67C72BE35D84002CBF79 /* Resources */ = {
			isa = PBXResourcesBuildPhase;
			buildActionMask = 2147483647;
			files = (
				040A67D32BE35D86002CBF79 /* Preview Assets.xcassets in Resources */,
				040A67D02BE35D86002CBF79 /* Assets.xcassets in Resources */,
				040A68022BE36149002CBF79 /* Assets.xcassets in Resources */,
				040A68032BE36149002CBF79 /* hikeData.json in Resources */,
				040A68042BE36149002CBF79 /* landmarkData.json in Resources */,
			);
			runOnlyForDeploymentPostprocessing = 0;
		};
		040A67D62BE35D86002CBF79 /* Resources */ = {
			isa = PBXResourcesBuildPhase;
			buildActionMask = 2147483647;
			files = (
			);
			runOnlyForDeploymentPostprocessing = 0;
		};
		040A67E02BE35D86002CBF79 /* Resources */ = {
			isa = PBXResourcesBuildPhase;
			buildActionMask = 2147483647;
			files = (
			);
			runOnlyForDeploymentPostprocessing = 0;
		};
		046B6F112BD0DC33000E9487 /* Resources */ = {
			isa = PBXResourcesBuildPhase;
			buildActionMask = 2147483647;
			files = (
				046B6F1E2BD0DC35000E9487 /* Preview Assets.xcassets in Resources */,
				0482100D2BD2140300B95F1B /* hikeData.json in Resources */,
				046B6F1B2BD0DC35000E9487 /* Assets.xcassets in Resources */,
			);
			runOnlyForDeploymentPostprocessing = 0;
		};
		046B6F212BD0DC35000E9487 /* Resources */ = {
			isa = PBXResourcesBuildPhase;
			buildActionMask = 2147483647;
			files = (
			);
			runOnlyForDeploymentPostprocessing = 0;
		};
		046B6F2B2BD0DC35000E9487 /* Resources */ = {
			isa = PBXResourcesBuildPhase;
			buildActionMask = 2147483647;
			files = (
			);
			runOnlyForDeploymentPostprocessing = 0;
		};
/* End PBXResourcesBuildPhase section */

/* Begin PBXSourcesBuildPhase section */
		040A67C52BE35D84002CBF79 /* Sources */ = {
			isa = PBXSourcesBuildPhase;
			buildActionMask = 2147483647;
			files = (
				040A67FD2BE36138002CBF79 /* MapView.swift in Sources */,
				040A67F72BE35ED5002CBF79 /* _706012210031_SteffanyFlorenceSM_AFL3App.swift in Sources */,
				040A67FA2BE360D8002CBF79 /* CircleImage.swift in Sources */,
				040A67FC2BE3612B002CBF79 /* LandmarkRow.swift in Sources */,
				040A67F92BE3603B002CBF79 /* LandmarkDetail.swift in Sources */,
				040A67CE2BE35D84002CBF79 /* ContentView.swift in Sources */,
				040A67FB2BE36129002CBF79 /* LandmarkList.swift in Sources */,
				040A67FE2BE36142002CBF79 /* Profile.swift in Sources */,
				040A67FF2BE36142002CBF79 /* ModelData.swift in Sources */,
				040A68082BE366CD002CBF79 /* NotificationController.swift in Sources */,
				040A68002BE36142002CBF79 /* Hike.swift in Sources */,
				040A68012BE36142002CBF79 /* Landmark.swift in Sources */,
				040A68062BE365E9002CBF79 /* NotificationView.swift in Sources */,
			);
			runOnlyForDeploymentPostprocessing = 0;
		};
		040A67D42BE35D86002CBF79 /* Sources */ = {
			isa = PBXSourcesBuildPhase;
			buildActionMask = 2147483647;
			files = (
				040A67DD2BE35D86002CBF79 /* WatchLandmarks_Watch_AppTests.swift in Sources */,
			);
			runOnlyForDeploymentPostprocessing = 0;
		};
		040A67DE2BE35D86002CBF79 /* Sources */ = {
			isa = PBXSourcesBuildPhase;
			buildActionMask = 2147483647;
			files = (
				040A67E92BE35D86002CBF79 /* WatchLandmarks_Watch_AppUITestsLaunchTests.swift in Sources */,
				040A67E72BE35D86002CBF79 /* WatchLandmarks_Watch_AppUITests.swift in Sources */,
			);
			runOnlyForDeploymentPostprocessing = 0;
		};
		046B6F0F2BD0DC33000E9487 /* Sources */ = {
			isa = PBXSourcesBuildPhase;
			buildActionMask = 2147483647;
			files = (
				0482101D2BD21C3A00B95F1B /* CategoryRow.swift in Sources */,
				041F50032BDA1EB60060617E /* Profile.swift in Sources */,
				046B6F192BD0DC33000E9487 /* ContentView.swift in Sources */,
				0482101B2BD219E600B95F1B /* CategoryHome.swift in Sources */,
				041F50112BDA2B810060617E /* FeatureCard.swift in Sources */,
				048210092BD20FC800B95F1B /* Badge.swift in Sources */,
				046B6F432BD0E381000E9487 /* MapView.swift in Sources */,
				048210152BD2157A00B95F1B /* GraphCapsule.swift in Sources */,
				048210172BD2157A00B95F1B /* HikeGraph.swift in Sources */,
				046B6F172BD0DC33000E9487 /* _706012210031_SteffanyFlorenceSM_AFL3App.swift in Sources */,
				040A67C42BE358DA002CBF79 /* PageControl.swift in Sources */,
				04820FFD2BD2059B00B95F1B /* FavoriteButton.swift in Sources */,
				0482101F2BD21D4C00B95F1B /* CategoryItem.swift in Sources */,
				048210012BD207E600B95F1B /* HexagonParameters.swift in Sources */,
				041F50082BDA200D0060617E /* ProfileSummary.swift in Sources */,
				0482100F2BD2145000B95F1B /* Hike.swift in Sources */,
				041F50062BDA1FBA0060617E /* ProfileHost.swift in Sources */,
				048210072BD20F7900B95F1B /* RotatedBadgeSymbol.swift in Sources */,
				048210052BD20D7900B95F1B /* BadgeSymbol.swift in Sources */,
				041F50132BDA2CD00060617E /* PageView.swift in Sources */,
				04820FF92BD1FA9B00B95F1B /* LandmarkList.swift in Sources */,
				041F500C2BDA262C0060617E /* ProfileEditor.swift in Sources */,
				048210162BD2157A00B95F1B /* HikeDetail.swift in Sources */,
				048210182BD2157A00B95F1B /* HikeView.swift in Sources */,
				04820FFB2BD1FB8100B95F1B /* LandmarkDetail.swift in Sources */,
				041F500F2BDA292D0060617E /* PageViewController.swift in Sources */,
				048210032BD2092C00B95F1B /* BadgeBackground.swift in Sources */,
				041F500A2BDA21000060617E /* HikeBadge.swift in Sources */,
				046B6F412BD0E2D3000E9487 /* CircleImage.swift in Sources */,
				046B6F472BD0E81C000E9487 /* Landmark.swift in Sources */,
				04820FF72BD1F91B00B95F1B /* LandmarkRow.swift in Sources */,
				04820FF02BD1F5A100B95F1B /* ModelData.swift in Sources */,
			);
			runOnlyForDeploymentPostprocessing = 0;
		};
		046B6F1F2BD0DC35000E9487 /* Sources */ = {
			isa = PBXSourcesBuildPhase;
			buildActionMask = 2147483647;
			files = (
				046B6F282BD0DC35000E9487 /* _706012210031_SteffanyFlorenceSM_AFL3Tests.swift in Sources */,
			);
			runOnlyForDeploymentPostprocessing = 0;
		};
		046B6F292BD0DC35000E9487 /* Sources */ = {
			isa = PBXSourcesBuildPhase;
			buildActionMask = 2147483647;
			files = (
				046B6F322BD0DC35000E9487 /* _706012210031_SteffanyFlorenceSM_AFL3UITests.swift in Sources */,
				046B6F342BD0DC35000E9487 /* _706012210031_SteffanyFlorenceSM_AFL3UITestsLaunchTests.swift in Sources */,
			);
			runOnlyForDeploymentPostprocessing = 0;
		};
/* End PBXSourcesBuildPhase section */

/* Begin PBXTargetDependency section */
		040A67DA2BE35D86002CBF79 /* PBXTargetDependency */ = {
			isa = PBXTargetDependency;
			target = 040A67C82BE35D84002CBF79 /* WatchLandmarks Watch App */;
			targetProxy = 040A67D92BE35D86002CBF79 /* PBXContainerItemProxy */;
		};
		040A67E42BE35D86002CBF79 /* PBXTargetDependency */ = {
			isa = PBXTargetDependency;
			target = 040A67C82BE35D84002CBF79 /* WatchLandmarks Watch App */;
			targetProxy = 040A67E32BE35D86002CBF79 /* PBXContainerItemProxy */;
		};
		040A67EB2BE35D86002CBF79 /* PBXTargetDependency */ = {
			isa = PBXTargetDependency;
			target = 040A67C82BE35D84002CBF79 /* WatchLandmarks Watch App */;
			targetProxy = 040A67EA2BE35D86002CBF79 /* PBXContainerItemProxy */;
		};
		046B6F252BD0DC35000E9487 /* PBXTargetDependency */ = {
			isa = PBXTargetDependency;
			target = 046B6F122BD0DC33000E9487 /* 0706012210031-SteffanyFlorenceSM-AFL3 */;
			targetProxy = 046B6F242BD0DC35000E9487 /* PBXContainerItemProxy */;
		};
		046B6F2F2BD0DC35000E9487 /* PBXTargetDependency */ = {
			isa = PBXTargetDependency;
			target = 046B6F122BD0DC33000E9487 /* 0706012210031-SteffanyFlorenceSM-AFL3 */;
			targetProxy = 046B6F2E2BD0DC35000E9487 /* PBXContainerItemProxy */;
		};
/* End PBXTargetDependency section */

/* Begin XCBuildConfiguration section */
		040A67EE2BE35D86002CBF79 /* Debug */ = {
			isa = XCBuildConfiguration;
			buildSettings = {
				ASSETCATALOG_COMPILER_APPICON_NAME = AppIcon;
				ASSETCATALOG_COMPILER_GLOBAL_ACCENT_COLOR_NAME = AccentColor;
				CODE_SIGN_STYLE = Automatic;
				CURRENT_PROJECT_VERSION = 1;
				DEVELOPMENT_ASSET_PATHS = "\"WatchLandmarks Watch App/Preview Content\"";
				ENABLE_PREVIEWS = YES;
				GENERATE_INFOPLIST_FILE = YES;
				INFOPLIST_KEY_CFBundleDisplayName = WatchLandmarks;
				INFOPLIST_KEY_UISupportedInterfaceOrientations = "UIInterfaceOrientationPortrait UIInterfaceOrientationPortraitUpsideDown";
				INFOPLIST_KEY_WKCompanionAppBundleIdentifier = "mad.-706012210031-SteffanyFlorenceSM-AFL3";
				INFOPLIST_KEY_WKRunsIndependentlyOfCompanionApp = YES;
				LD_RUNPATH_SEARCH_PATHS = (
					"$(inherited)",
					"@executable_path/Frameworks",
				);
				MARKETING_VERSION = 1.0;
				PRODUCT_BUNDLE_IDENTIFIER = "mad.-706012210031-SteffanyFlorenceSM-AFL3.watchkitapp";
				PRODUCT_NAME = "$(TARGET_NAME)";
				SDKROOT = watchos;
				SKIP_INSTALL = YES;
				SWIFT_EMIT_LOC_STRINGS = YES;
				SWIFT_VERSION = 5.0;
				TARGETED_DEVICE_FAMILY = 4;
				WATCHOS_DEPLOYMENT_TARGET = 10.4;
			};
			name = Debug;
		};
		040A67EF2BE35D86002CBF79 /* Release */ = {
			isa = XCBuildConfiguration;
			buildSettings = {
				ASSETCATALOG_COMPILER_APPICON_NAME = AppIcon;
				ASSETCATALOG_COMPILER_GLOBAL_ACCENT_COLOR_NAME = AccentColor;
				CODE_SIGN_STYLE = Automatic;
				CURRENT_PROJECT_VERSION = 1;
				DEVELOPMENT_ASSET_PATHS = "\"WatchLandmarks Watch App/Preview Content\"";
				ENABLE_PREVIEWS = YES;
				GENERATE_INFOPLIST_FILE = YES;
				INFOPLIST_KEY_CFBundleDisplayName = WatchLandmarks;
				INFOPLIST_KEY_UISupportedInterfaceOrientations = "UIInterfaceOrientationPortrait UIInterfaceOrientationPortraitUpsideDown";
				INFOPLIST_KEY_WKCompanionAppBundleIdentifier = "mad.-706012210031-SteffanyFlorenceSM-AFL3";
				INFOPLIST_KEY_WKRunsIndependentlyOfCompanionApp = YES;
				LD_RUNPATH_SEARCH_PATHS = (
					"$(inherited)",
					"@executable_path/Frameworks",
				);
				MARKETING_VERSION = 1.0;
				PRODUCT_BUNDLE_IDENTIFIER = "mad.-706012210031-SteffanyFlorenceSM-AFL3.watchkitapp";
				PRODUCT_NAME = "$(TARGET_NAME)";
				SDKROOT = watchos;
				SKIP_INSTALL = YES;
				SWIFT_EMIT_LOC_STRINGS = YES;
				SWIFT_VERSION = 5.0;
				TARGETED_DEVICE_FAMILY = 4;
				WATCHOS_DEPLOYMENT_TARGET = 10.4;
			};
			name = Release;
		};
		040A67F22BE35D86002CBF79 /* Debug */ = {
			isa = XCBuildConfiguration;
			buildSettings = {
				ALWAYS_EMBED_SWIFT_STANDARD_LIBRARIES = YES;
				BUNDLE_LOADER = "$(TEST_HOST)";
				CODE_SIGN_STYLE = Automatic;
				CURRENT_PROJECT_VERSION = 1;
				GENERATE_INFOPLIST_FILE = YES;
				MARKETING_VERSION = 1.0;
				PRODUCT_BUNDLE_IDENTIFIER = "mad.WatchLandmarks-Watch-AppTests";
				PRODUCT_NAME = "$(TARGET_NAME)";
				SDKROOT = watchos;
				SWIFT_EMIT_LOC_STRINGS = NO;
				SWIFT_VERSION = 5.0;
				TARGETED_DEVICE_FAMILY = 4;
				TEST_HOST = "$(BUILT_PRODUCTS_DIR)/WatchLandmarks Watch App.app/$(BUNDLE_EXECUTABLE_FOLDER_PATH)/WatchLandmarks Watch App";
				WATCHOS_DEPLOYMENT_TARGET = 10.4;
			};
			name = Debug;
		};
		040A67F32BE35D86002CBF79 /* Release */ = {
			isa = XCBuildConfiguration;
			buildSettings = {
				ALWAYS_EMBED_SWIFT_STANDARD_LIBRARIES = YES;
				BUNDLE_LOADER = "$(TEST_HOST)";
				CODE_SIGN_STYLE = Automatic;
				CURRENT_PROJECT_VERSION = 1;
				GENERATE_INFOPLIST_FILE = YES;
				MARKETING_VERSION = 1.0;
				PRODUCT_BUNDLE_IDENTIFIER = "mad.WatchLandmarks-Watch-AppTests";
				PRODUCT_NAME = "$(TARGET_NAME)";
				SDKROOT = watchos;
				SWIFT_EMIT_LOC_STRINGS = NO;
				SWIFT_VERSION = 5.0;
				TARGETED_DEVICE_FAMILY = 4;
				TEST_HOST = "$(BUILT_PRODUCTS_DIR)/WatchLandmarks Watch App.app/$(BUNDLE_EXECUTABLE_FOLDER_PATH)/WatchLandmarks Watch App";
				WATCHOS_DEPLOYMENT_TARGET = 10.4;
			};
			name = Release;
		};
		040A67F52BE35D86002CBF79 /* Debug */ = {
			isa = XCBuildConfiguration;
			buildSettings = {
				ALWAYS_EMBED_SWIFT_STANDARD_LIBRARIES = YES;
				CODE_SIGN_STYLE = Automatic;
				CURRENT_PROJECT_VERSION = 1;
				GENERATE_INFOPLIST_FILE = YES;
				MARKETING_VERSION = 1.0;
				PRODUCT_BUNDLE_IDENTIFIER = "mad.WatchLandmarks-Watch-AppUITests";
				PRODUCT_NAME = "$(TARGET_NAME)";
				SDKROOT = watchos;
				SWIFT_EMIT_LOC_STRINGS = NO;
				SWIFT_VERSION = 5.0;
				TARGETED_DEVICE_FAMILY = 4;
				TEST_TARGET_NAME = "WatchLandmarks Watch App";
				WATCHOS_DEPLOYMENT_TARGET = 10.4;
			};
			name = Debug;
		};
		040A67F62BE35D86002CBF79 /* Release */ = {
			isa = XCBuildConfiguration;
			buildSettings = {
				ALWAYS_EMBED_SWIFT_STANDARD_LIBRARIES = YES;
				CODE_SIGN_STYLE = Automatic;
				CURRENT_PROJECT_VERSION = 1;
				GENERATE_INFOPLIST_FILE = YES;
				MARKETING_VERSION = 1.0;
				PRODUCT_BUNDLE_IDENTIFIER = "mad.WatchLandmarks-Watch-AppUITests";
				PRODUCT_NAME = "$(TARGET_NAME)";
				SDKROOT = watchos;
				SWIFT_EMIT_LOC_STRINGS = NO;
				SWIFT_VERSION = 5.0;
				TARGETED_DEVICE_FAMILY = 4;
				TEST_TARGET_NAME = "WatchLandmarks Watch App";
				WATCHOS_DEPLOYMENT_TARGET = 10.4;
			};
			name = Release;
		};
		046B6F352BD0DC35000E9487 /* Debug */ = {
			isa = XCBuildConfiguration;
			buildSettings = {
				ALWAYS_SEARCH_USER_PATHS = NO;
				ASSETCATALOG_COMPILER_GENERATE_SWIFT_ASSET_SYMBOL_EXTENSIONS = YES;
				CLANG_ANALYZER_NONNULL = YES;
				CLANG_ANALYZER_NUMBER_OBJECT_CONVERSION = YES_AGGRESSIVE;
				CLANG_CXX_LANGUAGE_STANDARD = "gnu++20";
				CLANG_ENABLE_MODULES = YES;
				CLANG_ENABLE_OBJC_ARC = YES;
				CLANG_ENABLE_OBJC_WEAK = YES;
				CLANG_WARN_BLOCK_CAPTURE_AUTORELEASING = YES;
				CLANG_WARN_BOOL_CONVERSION = YES;
				CLANG_WARN_COMMA = YES;
				CLANG_WARN_CONSTANT_CONVERSION = YES;
				CLANG_WARN_DEPRECATED_OBJC_IMPLEMENTATIONS = YES;
				CLANG_WARN_DIRECT_OBJC_ISA_USAGE = YES_ERROR;
				CLANG_WARN_DOCUMENTATION_COMMENTS = YES;
				CLANG_WARN_EMPTY_BODY = YES;
				CLANG_WARN_ENUM_CONVERSION = YES;
				CLANG_WARN_INFINITE_RECURSION = YES;
				CLANG_WARN_INT_CONVERSION = YES;
				CLANG_WARN_NON_LITERAL_NULL_CONVERSION = YES;
				CLANG_WARN_OBJC_IMPLICIT_RETAIN_SELF = YES;
				CLANG_WARN_OBJC_LITERAL_CONVERSION = YES;
				CLANG_WARN_OBJC_ROOT_CLASS = YES_ERROR;
				CLANG_WARN_QUOTED_INCLUDE_IN_FRAMEWORK_HEADER = YES;
				CLANG_WARN_RANGE_LOOP_ANALYSIS = YES;
				CLANG_WARN_STRICT_PROTOTYPES = YES;
				CLANG_WARN_SUSPICIOUS_MOVE = YES;
				CLANG_WARN_UNGUARDED_AVAILABILITY = YES_AGGRESSIVE;
				CLANG_WARN_UNREACHABLE_CODE = YES;
				CLANG_WARN__DUPLICATE_METHOD_MATCH = YES;
				COPY_PHASE_STRIP = NO;
				DEBUG_INFORMATION_FORMAT = dwarf;
				ENABLE_STRICT_OBJC_MSGSEND = YES;
				ENABLE_TESTABILITY = YES;
				ENABLE_USER_SCRIPT_SANDBOXING = YES;
				GCC_C_LANGUAGE_STANDARD = gnu17;
				GCC_DYNAMIC_NO_PIC = NO;
				GCC_NO_COMMON_BLOCKS = YES;
				GCC_OPTIMIZATION_LEVEL = 0;
				GCC_PREPROCESSOR_DEFINITIONS = (
					"DEBUG=1",
					"$(inherited)",
				);
				GCC_WARN_64_TO_32_BIT_CONVERSION = YES;
				GCC_WARN_ABOUT_RETURN_TYPE = YES_ERROR;
				GCC_WARN_UNDECLARED_SELECTOR = YES;
				GCC_WARN_UNINITIALIZED_AUTOS = YES_AGGRESSIVE;
				GCC_WARN_UNUSED_FUNCTION = YES;
				GCC_WARN_UNUSED_VARIABLE = YES;
				IPHONEOS_DEPLOYMENT_TARGET = 17.4;
				LOCALIZATION_PREFERS_STRING_CATALOGS = YES;
				MTL_ENABLE_DEBUG_INFO = INCLUDE_SOURCE;
				MTL_FAST_MATH = YES;
				ONLY_ACTIVE_ARCH = YES;
				SDKROOT = iphoneos;
				SWIFT_ACTIVE_COMPILATION_CONDITIONS = "DEBUG $(inherited)";
				SWIFT_OPTIMIZATION_LEVEL = "-Onone";
			};
			name = Debug;
		};
		046B6F362BD0DC35000E9487 /* Release */ = {
			isa = XCBuildConfiguration;
			buildSettings = {
				ALWAYS_SEARCH_USER_PATHS = NO;
				ASSETCATALOG_COMPILER_GENERATE_SWIFT_ASSET_SYMBOL_EXTENSIONS = YES;
				CLANG_ANALYZER_NONNULL = YES;
				CLANG_ANALYZER_NUMBER_OBJECT_CONVERSION = YES_AGGRESSIVE;
				CLANG_CXX_LANGUAGE_STANDARD = "gnu++20";
				CLANG_ENABLE_MODULES = YES;
				CLANG_ENABLE_OBJC_ARC = YES;
				CLANG_ENABLE_OBJC_WEAK = YES;
				CLANG_WARN_BLOCK_CAPTURE_AUTORELEASING = YES;
				CLANG_WARN_BOOL_CONVERSION = YES;
				CLANG_WARN_COMMA = YES;
				CLANG_WARN_CONSTANT_CONVERSION = YES;
				CLANG_WARN_DEPRECATED_OBJC_IMPLEMENTATIONS = YES;
				CLANG_WARN_DIRECT_OBJC_ISA_USAGE = YES_ERROR;
				CLANG_WARN_DOCUMENTATION_COMMENTS = YES;
				CLANG_WARN_EMPTY_BODY = YES;
				CLANG_WARN_ENUM_CONVERSION = YES;
				CLANG_WARN_INFINITE_RECURSION = YES;
				CLANG_WARN_INT_CONVERSION = YES;
				CLANG_WARN_NON_LITERAL_NULL_CONVERSION = YES;
				CLANG_WARN_OBJC_IMPLICIT_RETAIN_SELF = YES;
				CLANG_WARN_OBJC_LITERAL_CONVERSION = YES;
				CLANG_WARN_OBJC_ROOT_CLASS = YES_ERROR;
				CLANG_WARN_QUOTED_INCLUDE_IN_FRAMEWORK_HEADER = YES;
				CLANG_WARN_RANGE_LOOP_ANALYSIS = YES;
				CLANG_WARN_STRICT_PROTOTYPES = YES;
				CLANG_WARN_SUSPICIOUS_MOVE = YES;
				CLANG_WARN_UNGUARDED_AVAILABILITY = YES_AGGRESSIVE;
				CLANG_WARN_UNREACHABLE_CODE = YES;
				CLANG_WARN__DUPLICATE_METHOD_MATCH = YES;
				COPY_PHASE_STRIP = NO;
				DEBUG_INFORMATION_FORMAT = "dwarf-with-dsym";
				ENABLE_NS_ASSERTIONS = NO;
				ENABLE_STRICT_OBJC_MSGSEND = YES;
				ENABLE_USER_SCRIPT_SANDBOXING = YES;
				GCC_C_LANGUAGE_STANDARD = gnu17;
				GCC_NO_COMMON_BLOCKS = YES;
				GCC_WARN_64_TO_32_BIT_CONVERSION = YES;
				GCC_WARN_ABOUT_RETURN_TYPE = YES_ERROR;
				GCC_WARN_UNDECLARED_SELECTOR = YES;
				GCC_WARN_UNINITIALIZED_AUTOS = YES_AGGRESSIVE;
				GCC_WARN_UNUSED_FUNCTION = YES;
				GCC_WARN_UNUSED_VARIABLE = YES;
				IPHONEOS_DEPLOYMENT_TARGET = 17.4;
				LOCALIZATION_PREFERS_STRING_CATALOGS = YES;
				MTL_ENABLE_DEBUG_INFO = NO;
				MTL_FAST_MATH = YES;
				SDKROOT = iphoneos;
				SWIFT_COMPILATION_MODE = wholemodule;
				VALIDATE_PRODUCT = YES;
			};
			name = Release;
		};
		046B6F382BD0DC35000E9487 /* Debug */ = {
			isa = XCBuildConfiguration;
			buildSettings = {
				ALWAYS_EMBED_SWIFT_STANDARD_LIBRARIES = YES;
				ASSETCATALOG_COMPILER_APPICON_NAME = AppIcon;
				ASSETCATALOG_COMPILER_GLOBAL_ACCENT_COLOR_NAME = AccentColor;
				CODE_SIGN_STYLE = Automatic;
				CURRENT_PROJECT_VERSION = 1;
				DEVELOPMENT_ASSET_PATHS = "\"0706012210031-SteffanyFlorenceSM-AFL3/Preview Content\"";
				ENABLE_PREVIEWS = YES;
				GENERATE_INFOPLIST_FILE = YES;
				INFOPLIST_KEY_UIApplicationSceneManifest_Generation = YES;
				INFOPLIST_KEY_UIApplicationSupportsIndirectInputEvents = YES;
				INFOPLIST_KEY_UILaunchScreen_Generation = YES;
				INFOPLIST_KEY_UISupportedInterfaceOrientations_iPad = "UIInterfaceOrientationPortrait UIInterfaceOrientationPortraitUpsideDown UIInterfaceOrientationLandscapeLeft UIInterfaceOrientationLandscapeRight";
				INFOPLIST_KEY_UISupportedInterfaceOrientations_iPhone = "UIInterfaceOrientationPortrait UIInterfaceOrientationLandscapeLeft UIInterfaceOrientationLandscapeRight";
				LD_RUNPATH_SEARCH_PATHS = (
					"$(inherited)",
					"@executable_path/Frameworks",
				);
				MARKETING_VERSION = 1.0;
				PRODUCT_BUNDLE_IDENTIFIER = "mad.-706012210031-SteffanyFlorenceSM-AFL3";
				PRODUCT_NAME = "$(TARGET_NAME)";
				SWIFT_EMIT_LOC_STRINGS = YES;
				SWIFT_VERSION = 5.0;
				TARGETED_DEVICE_FAMILY = "1,2";
			};
			name = Debug;
		};
		046B6F392BD0DC35000E9487 /* Release */ = {
			isa = XCBuildConfiguration;
			buildSettings = {
				ALWAYS_EMBED_SWIFT_STANDARD_LIBRARIES = YES;
				ASSETCATALOG_COMPILER_APPICON_NAME = AppIcon;
				ASSETCATALOG_COMPILER_GLOBAL_ACCENT_COLOR_NAME = AccentColor;
				CODE_SIGN_STYLE = Automatic;
				CURRENT_PROJECT_VERSION = 1;
				DEVELOPMENT_ASSET_PATHS = "\"0706012210031-SteffanyFlorenceSM-AFL3/Preview Content\"";
				ENABLE_PREVIEWS = YES;
				GENERATE_INFOPLIST_FILE = YES;
				INFOPLIST_KEY_UIApplicationSceneManifest_Generation = YES;
				INFOPLIST_KEY_UIApplicationSupportsIndirectInputEvents = YES;
				INFOPLIST_KEY_UILaunchScreen_Generation = YES;
				INFOPLIST_KEY_UISupportedInterfaceOrientations_iPad = "UIInterfaceOrientationPortrait UIInterfaceOrientationPortraitUpsideDown UIInterfaceOrientationLandscapeLeft UIInterfaceOrientationLandscapeRight";
				INFOPLIST_KEY_UISupportedInterfaceOrientations_iPhone = "UIInterfaceOrientationPortrait UIInterfaceOrientationLandscapeLeft UIInterfaceOrientationLandscapeRight";
				LD_RUNPATH_SEARCH_PATHS = (
					"$(inherited)",
					"@executable_path/Frameworks",
				);
				MARKETING_VERSION = 1.0;
				PRODUCT_BUNDLE_IDENTIFIER = "mad.-706012210031-SteffanyFlorenceSM-AFL3";
				PRODUCT_NAME = "$(TARGET_NAME)";
				SWIFT_EMIT_LOC_STRINGS = YES;
				SWIFT_VERSION = 5.0;
				TARGETED_DEVICE_FAMILY = "1,2";
			};
			name = Release;
		};
		046B6F3B2BD0DC35000E9487 /* Debug */ = {
			isa = XCBuildConfiguration;
			buildSettings = {
				ALWAYS_EMBED_SWIFT_STANDARD_LIBRARIES = YES;
				BUNDLE_LOADER = "$(TEST_HOST)";
				CODE_SIGN_STYLE = Automatic;
				CURRENT_PROJECT_VERSION = 1;
				GENERATE_INFOPLIST_FILE = YES;
				IPHONEOS_DEPLOYMENT_TARGET = 17.4;
				MARKETING_VERSION = 1.0;
				PRODUCT_BUNDLE_IDENTIFIER = "mad.-706012210031-SteffanyFlorenceSM-AFL3Tests";
				PRODUCT_NAME = "$(TARGET_NAME)";
				SWIFT_EMIT_LOC_STRINGS = NO;
				SWIFT_VERSION = 5.0;
				TARGETED_DEVICE_FAMILY = "1,2";
				TEST_HOST = "$(BUILT_PRODUCTS_DIR)/0706012210031-SteffanyFlorenceSM-AFL3.app/$(BUNDLE_EXECUTABLE_FOLDER_PATH)/0706012210031-SteffanyFlorenceSM-AFL3";
			};
			name = Debug;
		};
		046B6F3C2BD0DC35000E9487 /* Release */ = {
			isa = XCBuildConfiguration;
			buildSettings = {
				ALWAYS_EMBED_SWIFT_STANDARD_LIBRARIES = YES;
				BUNDLE_LOADER = "$(TEST_HOST)";
				CODE_SIGN_STYLE = Automatic;
				CURRENT_PROJECT_VERSION = 1;
				GENERATE_INFOPLIST_FILE = YES;
				IPHONEOS_DEPLOYMENT_TARGET = 17.4;
				MARKETING_VERSION = 1.0;
				PRODUCT_BUNDLE_IDENTIFIER = "mad.-706012210031-SteffanyFlorenceSM-AFL3Tests";
				PRODUCT_NAME = "$(TARGET_NAME)";
				SWIFT_EMIT_LOC_STRINGS = NO;
				SWIFT_VERSION = 5.0;
				TARGETED_DEVICE_FAMILY = "1,2";
				TEST_HOST = "$(BUILT_PRODUCTS_DIR)/0706012210031-SteffanyFlorenceSM-AFL3.app/$(BUNDLE_EXECUTABLE_FOLDER_PATH)/0706012210031-SteffanyFlorenceSM-AFL3";
			};
			name = Release;
		};
		046B6F3E2BD0DC35000E9487 /* Debug */ = {
			isa = XCBuildConfiguration;
			buildSettings = {
				ALWAYS_EMBED_SWIFT_STANDARD_LIBRARIES = YES;
				CODE_SIGN_STYLE = Automatic;
				CURRENT_PROJECT_VERSION = 1;
				GENERATE_INFOPLIST_FILE = YES;
				MARKETING_VERSION = 1.0;
				PRODUCT_BUNDLE_IDENTIFIER = "mad.-706012210031-SteffanyFlorenceSM-AFL3UITests";
				PRODUCT_NAME = "$(TARGET_NAME)";
				SWIFT_EMIT_LOC_STRINGS = NO;
				SWIFT_VERSION = 5.0;
				TARGETED_DEVICE_FAMILY = "1,2";
				TEST_TARGET_NAME = "0706012210031-SteffanyFlorenceSM-AFL3";
			};
			name = Debug;
		};
		046B6F3F2BD0DC35000E9487 /* Release */ = {
			isa = XCBuildConfiguration;
			buildSettings = {
				ALWAYS_EMBED_SWIFT_STANDARD_LIBRARIES = YES;
				CODE_SIGN_STYLE = Automatic;
				CURRENT_PROJECT_VERSION = 1;
				GENERATE_INFOPLIST_FILE = YES;
				MARKETING_VERSION = 1.0;
				PRODUCT_BUNDLE_IDENTIFIER = "mad.-706012210031-SteffanyFlorenceSM-AFL3UITests";
				PRODUCT_NAME = "$(TARGET_NAME)";
				SWIFT_EMIT_LOC_STRINGS = NO;
				SWIFT_VERSION = 5.0;
				TARGETED_DEVICE_FAMILY = "1,2";
				TEST_TARGET_NAME = "0706012210031-SteffanyFlorenceSM-AFL3";
			};
			name = Release;
		};
/* End XCBuildConfiguration section */

/* Begin XCConfigurationList section */
		040A67ED2BE35D86002CBF79 /* Build configuration list for PBXNativeTarget "WatchLandmarks Watch App" */ = {
			isa = XCConfigurationList;
			buildConfigurations = (
				040A67EE2BE35D86002CBF79 /* Debug */,
				040A67EF2BE35D86002CBF79 /* Release */,
			);
			defaultConfigurationIsVisible = 0;
			defaultConfigurationName = Release;
		};
		040A67F12BE35D86002CBF79 /* Build configuration list for PBXNativeTarget "WatchLandmarks Watch AppTests" */ = {
			isa = XCConfigurationList;
			buildConfigurations = (
				040A67F22BE35D86002CBF79 /* Debug */,
				040A67F32BE35D86002CBF79 /* Release */,
			);
			defaultConfigurationIsVisible = 0;
			defaultConfigurationName = Release;
		};
		040A67F42BE35D86002CBF79 /* Build configuration list for PBXNativeTarget "WatchLandmarks Watch AppUITests" */ = {
			isa = XCConfigurationList;
			buildConfigurations = (
				040A67F52BE35D86002CBF79 /* Debug */,
				040A67F62BE35D86002CBF79 /* Release */,
			);
			defaultConfigurationIsVisible = 0;
			defaultConfigurationName = Release;
		};
		046B6F0E2BD0DC33000E9487 /* Build configuration list for PBXProject "0706012210031-SteffanyFlorenceSM-AFL3" */ = {
			isa = XCConfigurationList;
			buildConfigurations = (
				046B6F352BD0DC35000E9487 /* Debug */,
				046B6F362BD0DC35000E9487 /* Release */,
			);
			defaultConfigurationIsVisible = 0;
			defaultConfigurationName = Release;
		};
		046B6F372BD0DC35000E9487 /* Build configuration list for PBXNativeTarget "0706012210031-SteffanyFlorenceSM-AFL3" */ = {
			isa = XCConfigurationList;
			buildConfigurations = (
				046B6F382BD0DC35000E9487 /* Debug */,
				046B6F392BD0DC35000E9487 /* Release */,
			);
			defaultConfigurationIsVisible = 0;
			defaultConfigurationName = Release;
		};
		046B6F3A2BD0DC35000E9487 /* Build configuration list for PBXNativeTarget "0706012210031-SteffanyFlorenceSM-AFL3Tests" */ = {
			isa = XCConfigurationList;
			buildConfigurations = (
				046B6F3B2BD0DC35000E9487 /* Debug */,
				046B6F3C2BD0DC35000E9487 /* Release */,
			);
			defaultConfigurationIsVisible = 0;
			defaultConfigurationName = Release;
		};
		046B6F3D2BD0DC35000E9487 /* Build configuration list for PBXNativeTarget "0706012210031-SteffanyFlorenceSM-AFL3UITests" */ = {
			isa = XCConfigurationList;
			buildConfigurations = (
				046B6F3E2BD0DC35000E9487 /* Debug */,
				046B6F3F2BD0DC35000E9487 /* Release */,
			);
			defaultConfigurationIsVisible = 0;
			defaultConfigurationName = Release;
		};
/* End XCConfigurationList section */
	};
	rootObject = 046B6F0B2BD0DC33000E9487 /* Project object */;
}
